{
  "originHash" : "1a3ae359f4b33b634c9987b25972789ac5024edf630464d065893b7f5ffabe76",
  "pins" : [
    {
      "identity" : "swxmlhash",
      "kind" : "remoteSourceControl",
      "location" : "https://github.com/drmohundro/SWXMLHash.git",
      "state" : {
        "revision" : "9cfb8730651ae7f57a6f5d413e2f07be7d7dbd41",
        "version" : "8.1.1"
      }
    }
  ],
  "version" : 3
}
